
Microsoft Visual Studio Solution File, Format Version 12.00
# Visual Studio Version 16
VisualStudioVersion = 16.0.32802.440
MinimumVisualStudioVersion = 10.0.40219.1
Project("{8BC9CEB8-8B4A-11D0-8D11-00A0C91BC942}") = "3-1", "3-1\3-1.vcxproj", "{9BF2F713-25CB-4222-892B-F154A2E651CB}"
EndProject
Project("{8BC9CEB8-8B4A-11D0-8D11-00A0C91BC942}") = "3-2", "..\3-2\3-2\3-2.vcxproj", "{7B1E989A-DEF3-48DF-9F53-4D4E69EA42A9}"
EndProject
Project("{8BC9CEB8-8B4A-11D0-8D11-00A0C91BC942}") = "3-3", "..\3-3\3-3\3-3.vcxproj", "{44B97157-A8C6-4E8B-B4B4-C5EB6937A8A5}"
EndProject
Project("{8BC9CEB8-8B4A-11D0-8D11-00A0C91BC942}") = "3-4", "..\3-4\3-4\3-4.vcxproj", "{12BF5893-5843-4DAD-8E10-BB8BE6E5B1DD}"
EndProject
Project("{8BC9CEB8-8B4A-11D0-8D11-00A0C91BC942}") = "3-5", "..\3-5\3-5\3-5.vcxproj", "{F0AE1FC1-65E7-4FC1-9AC6-57F7370A783C}"
EndProject
Project("{8BC9CEB8-8B4A-11D0-8D11-00A0C91BC942}") = "3-7~3-8", "..\3-7~3-8\3-7~3-8\3-7~3-8.vcxproj", "{FAF116AE-96D9-4713-A596-95ED7E11A7D5}"
EndProject
Project("{8BC9CEB8-8B4A-11D0-8D11-00A0C91BC942}") = "3-9", "..\3-9\3-9\3-9.vcxproj", "{73A4A9B6-0981-4BBE-B452-41DFB0761D5C}"
EndProject
Project("{8BC9CEB8-8B4A-11D0-8D11-00A0C91BC942}") = "3-10", "..\3-10\3-10\3-10.vcxproj", "{CFAFC979-F3AB-4C2D-99C7-6150725210B9}"
EndProject
Project("{8BC9CEB8-8B4A-11D0-8D11-00A0C91BC942}") = "3-12", "..\3-12\3-12\3-12.vcxproj", "{D0F664EA-7B1D-4E0B-8DF1-FF2714B3249F}"
EndProject
Project("{8BC9CEB8-8B4A-11D0-8D11-00A0C91BC942}") = "3-13", "..\3-13\3-13\3-13.vcxproj", "{A2E9935B-1116-4AF6-AF54-95A89DEE9991}"
EndProject
Project("{8BC9CEB8-8B4A-11D0-8D11-00A0C91BC942}") = "3-14", "..\3-14\3-14\3-14.vcxproj", "{60EA4721-32F7-4B2E-BF2A-93B128103389}"
EndProject
Project("{8BC9CEB8-8B4A-11D0-8D11-00A0C91BC942}") = "3-15", "..\3-15\3-15\3-15.vcxproj", "{22C63550-2D20-4B58-81C5-EE0B61EF1329}"
EndProject
Project("{8BC9CEB8-8B4A-11D0-8D11-00A0C91BC942}") = "3-16", "..\3-16\3-16\3-16.vcxproj", "{AAD898B8-CAAB-4ECE-80F1-0241967C2FC2}"
EndProject
Project("{8BC9CEB8-8B4A-11D0-8D11-00A0C91BC942}") = "3-17", "..\3-17\3-17\3-17.vcxproj", "{69B2B228-020E-4129-B214-16CD46CA4AE3}"
EndProject
Project("{8BC9CEB8-8B4A-11D0-8D11-00A0C91BC942}") = "3-18", "..\3-18\3-18\3-18.vcxproj", "{451BAD48-E14F-44DA-8DF7-2C9E962375A0}"
EndProject
Project("{8BC9CEB8-8B4A-11D0-8D11-00A0C91BC942}") = "3-19", "..\3-19\3-19\3-19.vcxproj", "{77E4E1FD-63B3-4F4C-8472-22AA46616986}"
EndProject
Project("{8BC9CEB8-8B4A-11D0-8D11-00A0C91BC942}") = "3-20", "..\3-20\3-20\3-20.vcxproj", "{DB3B5D32-304E-4B68-A656-63CE731684B8}"
EndProject
Project("{8BC9CEB8-8B4A-11D0-8D11-00A0C91BC942}") = "3-21", "..\3-21\3-21\3-21.vcxproj", "{78169344-072E-4161-9012-5A42E3E1B494}"
EndProject
Project("{8BC9CEB8-8B4A-11D0-8D11-00A0C91BC942}") = "3-22", "..\3-22\3-22\3-22.vcxproj", "{AEA071FA-EE0A-4063-B0B9-C62BEE439F6B}"
EndProject
Project("{8BC9CEB8-8B4A-11D0-8D11-00A0C91BC942}") = "3-23", "..\3-23\3-23\3-23.vcxproj", "{9A43F963-7DD3-4A6F-8833-8523F6E6F70C}"
EndProject
Project("{8BC9CEB8-8B4A-11D0-8D11-00A0C91BC942}") = "3-24", "..\3-24\3-24\3-24.vcxproj", "{1E29FCA4-09EF-45F9-B364-86A76A6D08C9}"
EndProject
Project("{8BC9CEB8-8B4A-11D0-8D11-00A0C91BC942}") = "3-25", "..\3-25\3-25\3-25.vcxproj", "{56F07ED4-6404-4880-8B71-9A86A5A542B5}"
EndProject
Global
	GlobalSection(SolutionConfigurationPlatforms) = preSolution
		Debug|Win32 = Debug|Win32
		Release|Win32 = Release|Win32
	EndGlobalSection
	GlobalSection(ProjectConfigurationPlatforms) = postSolution
		{9BF2F713-25CB-4222-892B-F154A2E651CB}.Debug|Win32.ActiveCfg = Debug|Win32
		{9BF2F713-25CB-4222-892B-F154A2E651CB}.Debug|Win32.Build.0 = Debug|Win32
		{9BF2F713-25CB-4222-892B-F154A2E651CB}.Release|Win32.ActiveCfg = Release|Win32
		{9BF2F713-25CB-4222-892B-F154A2E651CB}.Release|Win32.Build.0 = Release|Win32
		{7B1E989A-DEF3-48DF-9F53-4D4E69EA42A9}.Debug|Win32.ActiveCfg = Debug|Win32
		{7B1E989A-DEF3-48DF-9F53-4D4E69EA42A9}.Debug|Win32.Build.0 = Debug|Win32
		{7B1E989A-DEF3-48DF-9F53-4D4E69EA42A9}.Release|Win32.ActiveCfg = Release|Win32
		{7B1E989A-DEF3-48DF-9F53-4D4E69EA42A9}.Release|Win32.Build.0 = Release|Win32
		{44B97157-A8C6-4E8B-B4B4-C5EB6937A8A5}.Debug|Win32.ActiveCfg = Debug|Win32
		{44B97157-A8C6-4E8B-B4B4-C5EB6937A8A5}.Debug|Win32.Build.0 = Debug|Win32
		{44B97157-A8C6-4E8B-B4B4-C5EB6937A8A5}.Release|Win32.ActiveCfg = Release|Win32
		{44B97157-A8C6-4E8B-B4B4-C5EB6937A8A5}.Release|Win32.Build.0 = Release|Win32
		{12BF5893-5843-4DAD-8E10-BB8BE6E5B1DD}.Debug|Win32.ActiveCfg = Debug|Win32
		{12BF5893-5843-4DAD-8E10-BB8BE6E5B1DD}.Debug|Win32.Build.0 = Debug|Win32
		{12BF5893-5843-4DAD-8E10-BB8BE6E5B1DD}.Release|Win32.ActiveCfg = Release|Win32
		{12BF5893-5843-4DAD-8E10-BB8BE6E5B1DD}.Release|Win32.Build.0 = Release|Win32
		{F0AE1FC1-65E7-4FC1-9AC6-57F7370A783C}.Debug|Win32.ActiveCfg = Debug|Win32
		{F0AE1FC1-65E7-4FC1-9AC6-57F7370A783C}.Debug|Win32.Build.0 = Debug|Win32
		{F0AE1FC1-65E7-4FC1-9AC6-57F7370A783C}.Release|Win32.ActiveCfg = Release|Win32
		{F0AE1FC1-65E7-4FC1-9AC6-57F7370A783C}.Release|Win32.Build.0 = Release|Win32
		{FAF116AE-96D9-4713-A596-95ED7E11A7D5}.Debug|Win32.ActiveCfg = Debug|Win32
		{FAF116AE-96D9-4713-A596-95ED7E11A7D5}.Debug|Win32.Build.0 = Debug|Win32
		{FAF116AE-96D9-4713-A596-95ED7E11A7D5}.Release|Win32.ActiveCfg = Release|Win32
		{FAF116AE-96D9-4713-A596-95ED7E11A7D5}.Release|Win32.Build.0 = Release|Win32
		{73A4A9B6-0981-4BBE-B452-41DFB0761D5C}.Debug|Win32.ActiveCfg = Debug|Win32
		{73A4A9B6-0981-4BBE-B452-41DFB0761D5C}.Debug|Win32.Build.0 = Debug|Win32
		{73A4A9B6-0981-4BBE-B452-41DFB0761D5C}.Release|Win32.ActiveCfg = Release|Win32
		{73A4A9B6-0981-4BBE-B452-41DFB0761D5C}.Release|Win32.Build.0 = Release|Win32
		{CFAFC979-F3AB-4C2D-99C7-6150725210B9}.Debug|Win32.ActiveCfg = Debug|Win32
		{CFAFC979-F3AB-4C2D-99C7-6150725210B9}.Debug|Win32.Build.0 = Debug|Win32
		{CFAFC979-F3AB-4C2D-99C7-6150725210B9}.Release|Win32.ActiveCfg = Release|Win32
		{CFAFC979-F3AB-4C2D-99C7-6150725210B9}.Release|Win32.Build.0 = Release|Win32
		{D0F664EA-7B1D-4E0B-8DF1-FF2714B3249F}.Debug|Win32.ActiveCfg = Debug|Win32
		{D0F664EA-7B1D-4E0B-8DF1-FF2714B3249F}.Debug|Win32.Build.0 = Debug|Win32
		{D0F664EA-7B1D-4E0B-8DF1-FF2714B3249F}.Release|Win32.ActiveCfg = Release|Win32
		{D0F664EA-7B1D-4E0B-8DF1-FF2714B3249F}.Release|Win32.Build.0 = Release|Win32
		{A2E9935B-1116-4AF6-AF54-95A89DEE9991}.Debug|Win32.ActiveCfg = Debug|Win32
		{A2E9935B-1116-4AF6-AF54-95A89DEE9991}.Debug|Win32.Build.0 = Debug|Win32
		{A2E9935B-1116-4AF6-AF54-95A89DEE9991}.Release|Win32.ActiveCfg = Release|Win32
		{A2E9935B-1116-4AF6-AF54-95A89DEE9991}.Release|Win32.Build.0 = Release|Win32
		{60EA4721-32F7-4B2E-BF2A-93B128103389}.Debug|Win32.ActiveCfg = Debug|Win32
		{60EA4721-32F7-4B2E-BF2A-93B128103389}.Debug|Win32.Build.0 = Debug|Win32
		{60EA4721-32F7-4B2E-BF2A-93B128103389}.Release|Win32.ActiveCfg = Release|Win32
		{60EA4721-32F7-4B2E-BF2A-93B128103389}.Release|Win32.Build.0 = Release|Win32
		{22C63550-2D20-4B58-81C5-EE0B61EF1329}.Debug|Win32.ActiveCfg = Debug|Win32
		{22C63550-2D20-4B58-81C5-EE0B61EF1329}.Debug|Win32.Build.0 = Debug|Win32
		{22C63550-2D20-4B58-81C5-EE0B61EF1329}.Release|Win32.ActiveCfg = Release|Win32
		{22C63550-2D20-4B58-81C5-EE0B61EF1329}.Release|Win32.Build.0 = Release|Win32
		{AAD898B8-CAAB-4ECE-80F1-0241967C2FC2}.Debug|Win32.ActiveCfg = Debug|Win32
		{AAD898B8-CAAB-4ECE-80F1-0241967C2FC2}.Debug|Win32.Build.0 = Debug|Win32
		{AAD898B8-CAAB-4ECE-80F1-0241967C2FC2}.Release|Win32.ActiveCfg = Release|Win32
		{AAD898B8-CAAB-4ECE-80F1-0241967C2FC2}.Release|Win32.Build.0 = Release|Win32
		{69B2B228-020E-4129-B214-16CD46CA4AE3}.Debug|Win32.ActiveCfg = Debug|Win32
		{69B2B228-020E-4129-B214-16CD46CA4AE3}.Debug|Win32.Build.0 = Debug|Win32
		{69B2B228-020E-4129-B214-16CD46CA4AE3}.Release|Win32.ActiveCfg = Release|Win32
		{69B2B228-020E-4129-B214-16CD46CA4AE3}.Release|Win32.Build.0 = Release|Win32
		{451BAD48-E14F-44DA-8DF7-2C9E962375A0}.Debug|Win32.ActiveCfg = Debug|Win32
		{451BAD48-E14F-44DA-8DF7-2C9E962375A0}.Debug|Win32.Build.0 = Debug|Win32
		{451BAD48-E14F-44DA-8DF7-2C9E962375A0}.Release|Win32.ActiveCfg = Release|Win32
		{451BAD48-E14F-44DA-8DF7-2C9E962375A0}.Release|Win32.Build.0 = Release|Win32
		{77E4E1FD-63B3-4F4C-8472-22AA46616986}.Debug|Win32.ActiveCfg = Debug|Win32
		{77E4E1FD-63B3-4F4C-8472-22AA46616986}.Debug|Win32.Build.0 = Debug|Win32
		{77E4E1FD-63B3-4F4C-8472-22AA46616986}.Release|Win32.ActiveCfg = Release|Win32
		{77E4E1FD-63B3-4F4C-8472-22AA46616986}.Release|Win32.Build.0 = Release|Win32
		{DB3B5D32-304E-4B68-A656-63CE731684B8}.Debug|Win32.ActiveCfg = Debug|Win32
		{DB3B5D32-304E-4B68-A656-63CE731684B8}.Debug|Win32.Build.0 = Debug|Win32
		{DB3B5D32-304E-4B68-A656-63CE731684B8}.Release|Win32.ActiveCfg = Release|Win32
		{DB3B5D32-304E-4B68-A656-63CE731684B8}.Release|Win32.Build.0 = Release|Win32
		{78169344-072E-4161-9012-5A42E3E1B494}.Debug|Win32.ActiveCfg = Debug|Win32
		{78169344-072E-4161-9012-5A42E3E1B494}.Debug|Win32.Build.0 = Debug|Win32
		{78169344-072E-4161-9012-5A42E3E1B494}.Release|Win32.ActiveCfg = Release|Win32
		{78169344-072E-4161-9012-5A42E3E1B494}.Release|Win32.Build.0 = Release|Win32
		{AEA071FA-EE0A-4063-B0B9-C62BEE439F6B}.Debug|Win32.ActiveCfg = Debug|Win32
		{AEA071FA-EE0A-4063-B0B9-C62BEE439F6B}.Debug|Win32.Build.0 = Debug|Win32
		{AEA071FA-EE0A-4063-B0B9-C62BEE439F6B}.Release|Win32.ActiveCfg = Release|Win32
		{AEA071FA-EE0A-4063-B0B9-C62BEE439F6B}.Release|Win32.Build.0 = Release|Win32
		{9A43F963-7DD3-4A6F-8833-8523F6E6F70C}.Debug|Win32.ActiveCfg = Debug|Win32
		{9A43F963-7DD3-4A6F-8833-8523F6E6F70C}.Debug|Win32.Build.0 = Debug|Win32
		{9A43F963-7DD3-4A6F-8833-8523F6E6F70C}.Release|Win32.ActiveCfg = Release|Win32
		{9A43F963-7DD3-4A6F-8833-8523F6E6F70C}.Release|Win32.Build.0 = Release|Win32
		{1E29FCA4-09EF-45F9-B364-86A76A6D08C9}.Debug|Win32.ActiveCfg = Debug|Win32
		{1E29FCA4-09EF-45F9-B364-86A76A6D08C9}.Debug|Win32.Build.0 = Debug|Win32
		{1E29FCA4-09EF-45F9-B364-86A76A6D08C9}.Release|Win32.ActiveCfg = Release|Win32
		{1E29FCA4-09EF-45F9-B364-86A76A6D08C9}.Release|Win32.Build.0 = Release|Win32
		{56F07ED4-6404-4880-8B71-9A86A5A542B5}.Debug|Win32.ActiveCfg = Debug|Win32
		{56F07ED4-6404-4880-8B71-9A86A5A542B5}.Debug|Win32.Build.0 = Debug|Win32
		{56F07ED4-6404-4880-8B71-9A86A5A542B5}.Release|Win32.ActiveCfg = Release|Win32
		{56F07ED4-6404-4880-8B71-9A86A5A542B5}.Release|Win32.Build.0 = Release|Win32
	EndGlobalSection
	GlobalSection(SolutionProperties) = preSolution
		HideSolutionNode = FALSE
	EndGlobalSection
	GlobalSection(ExtensibilityGlobals) = postSolution
		SolutionGuid = {03270AAB-CDF9-42AF-AC7E-CDF954F8FEF5}
	EndGlobalSection
EndGlobal
